
Microsoft Visual Studio Solution File, Format Version 12.00
# Visual Studio Version 17
VisualStudioVersion = 17.6.33815.320
MinimumVisualStudioVersion = 10.0.40219.1
Project("{9A19103F-16F7-4668-BE54-9A1E7A4F7556}") = "Bank_Managment_System", "Bank_Managment_System\Bank_Managment_System.csproj", "{020230EC-73AB-4FFF-872D-2EA7E89345CA}"
EndProject
Project("{FAE04EC0-301F-11D3-BF4B-00C04F79EFBC}") = "BOA.OnlineBank.Presenatation", "BOA.OnlineBank.Presenatation\BOA.OnlineBank.Presenatation.csproj", "{33A32D7E-42A7-4150-971A-350B1775DBE1}"
EndProject
Project("{FAE04EC0-301F-11D3-BF4B-00C04F79EFBC}") = "BOA.OnlineBank.Infrastructure", "BOA.OnlineBank.Infrastructure\BOA.OnlineBank.Infrastructure.csproj", "{834946D8-ED25-4AB0-9EC7-14AFE53F8B45}"
EndProject
Project("{FAE04EC0-301F-11D3-BF4B-00C04F79EFBC}") = "BOA.OnlineBank.Core", "BOA.OnlineBank.Core\BOA.OnlineBank.Core.csproj", "{95D92730-A041-4933-9593-8578DABE2F6E}"
EndProject
Project("{FAE04EC0-301F-11D3-BF4B-00C04F79EFBC}") = "BOA.OnlineBank.Persistance", "BOA.OnlineBank.Persistance\BOA.OnlineBank.Persistance.csproj", "{1D8CAC57-7BAF-45EA-9DC3-1F4C919CD65D}"
EndProject
Global
	GlobalSection(SolutionConfigurationPlatforms) = preSolution
		Debug|Any CPU = Debug|Any CPU
		Release|Any CPU = Release|Any CPU
	EndGlobalSection
	GlobalSection(ProjectConfigurationPlatforms) = postSolution
		{020230EC-73AB-4FFF-872D-2EA7E89345CA}.Debug|Any CPU.ActiveCfg = Debug|Any CPU
		{020230EC-73AB-4FFF-872D-2EA7E89345CA}.Debug|Any CPU.Build.0 = Debug|Any CPU
		{020230EC-73AB-4FFF-872D-2EA7E89345CA}.Release|Any CPU.ActiveCfg = Release|Any CPU
		{020230EC-73AB-4FFF-872D-2EA7E89345CA}.Release|Any CPU.Build.0 = Release|Any CPU
		{33A32D7E-42A7-4150-971A-350B1775DBE1}.Debug|Any CPU.ActiveCfg = Debug|Any CPU
		{33A32D7E-42A7-4150-971A-350B1775DBE1}.Debug|Any CPU.Build.0 = Debug|Any CPU
		{33A32D7E-42A7-4150-971A-350B1775DBE1}.Release|Any CPU.ActiveCfg = Release|Any CPU
		{33A32D7E-42A7-4150-971A-350B1775DBE1}.Release|Any CPU.Build.0 = Release|Any CPU
		{834946D8-ED25-4AB0-9EC7-14AFE53F8B45}.Debug|Any CPU.ActiveCfg = Debug|Any CPU
		{834946D8-ED25-4AB0-9EC7-14AFE53F8B45}.Debug|Any CPU.Build.0 = Debug|Any CPU
		{834946D8-ED25-4AB0-9EC7-14AFE53F8B45}.Release|Any CPU.ActiveCfg = Release|Any CPU
		{834946D8-ED25-4AB0-9EC7-14AFE53F8B45}.Release|Any CPU.Build.0 = Release|Any CPU
		{95D92730-A041-4933-9593-8578DABE2F6E}.Debug|Any CPU.ActiveCfg = Debug|Any CPU
		{95D92730-A041-4933-9593-8578DABE2F6E}.Debug|Any CPU.Build.0 = Debug|Any CPU
		{95D92730-A041-4933-9593-8578DABE2F6E}.Release|Any CPU.ActiveCfg = Release|Any CPU
		{95D92730-A041-4933-9593-8578DABE2F6E}.Release|Any CPU.Build.0 = Release|Any CPU
		{1D8CAC57-7BAF-45EA-9DC3-1F4C919CD65D}.Debug|Any CPU.ActiveCfg = Debug|Any CPU
		{1D8CAC57-7BAF-45EA-9DC3-1F4C919CD65D}.Debug|Any CPU.Build.0 = Debug|Any CPU
		{1D8CAC57-7BAF-45EA-9DC3-1F4C919CD65D}.Release|Any CPU.ActiveCfg = Release|Any CPU
		{1D8CAC57-7BAF-45EA-9DC3-1F4C919CD65D}.Release|Any CPU.Build.0 = Release|Any CPU
	EndGlobalSection
	GlobalSection(SolutionProperties) = preSolution
		HideSolutionNode = FALSE
	EndGlobalSection
	GlobalSection(ExtensibilityGlobals) = postSolution
		SolutionGuid = {D155ADE0-64D3-4C4B-BAD1-1C69F1A94DF4}
	EndGlobalSection
EndGlobal
